
Microsoft Visual Studio Solution File, Format Version 12.00
# Visual Studio Version 17
VisualStudioVersion = 17.9.34616.47
MinimumVisualStudioVersion = 10.0.40219.1
Project("{FAE04EC0-301F-11D3-BF4B-00C04F79EFBC}") = "MyFirstApp", "MyFirstApp\MyFirstApp.csproj", "{551ABF42-C150-4032-A94D-8AC50A759C61}"
EndProject
Global
	GlobalSection(SolutionConfigurationPlatforms) = preSolution
		Debug|Any CPU = Debug|Any CPU
		Release|Any CPU = Release|Any CPU
	EndGlobalSection
	GlobalSection(ProjectConfigurationPlatforms) = postSolution
		{551ABF42-C150-4032-A94D-8AC50A759C61}.Debug|Any CPU.ActiveCfg = Debug|Any CPU
		{551ABF42-C150-4032-A94D-8AC50A759C61}.Debug|Any CPU.Build.0 = Debug|Any CPU
		{551ABF42-C150-4032-A94D-8AC50A759C61}.Release|Any CPU.ActiveCfg = Release|Any CPU
		{551ABF42-C150-4032-A94D-8AC50A759C61}.Release|Any CPU.Build.0 = Release|Any CPU
	EndGlobalSection
	GlobalSection(SolutionProperties) = preSolution
		HideSolutionNode = FALSE
	EndGlobalSection
	GlobalSection(ExtensibilityGlobals) = postSolution
		SolutionGuid = {6F970E66-F69F-43DA-9CBE-F5B65906BA4B}
	EndGlobalSection
EndGlobal
